
Microsoft Visual Studio Solution File, Format Version 12.00
# Visual Studio Version 16
VisualStudioVersion = 16.0.31613.86
MinimumVisualStudioVersion = 10.0.40219.1
Project("{9A19103F-16F7-4668-BE54-9A1E7A4F7556}") = "FlappyBirdDemo.Web", "FlappyBirdDemo.Web\FlappyBirdDemo.Web.csproj", "{13C67F0C-89A3-4726-8EB1-8F67F3155B00}"
EndProject
Global
	GlobalSection(SolutionConfigurationPlatforms) = preSolution
		Debug|Any CPU = Debug|Any CPU
		Release|Any CPU = Release|Any CPU
	EndGlobalSection
	GlobalSection(ProjectConfigurationPlatforms) = postSolution
		{13C67F0C-89A3-4726-8EB1-8F67F3155B00}.Debug|Any CPU.ActiveCfg = Debug|Any CPU
		{13C67F0C-89A3-4726-8EB1-8F67F3155B00}.Debug|Any CPU.Build.0 = Debug|Any CPU
		{13C67F0C-89A3-4726-8EB1-8F67F3155B00}.Release|Any CPU.ActiveCfg = Release|Any CPU
		{13C67F0C-89A3-4726-8EB1-8F67F3155B00}.Release|Any CPU.Build.0 = Release|Any CPU
	EndGlobalSection
	GlobalSection(SolutionProperties) = preSolution
		HideSolutionNode = FALSE
	EndGlobalSection
	GlobalSection(ExtensibilityGlobals) = postSolution
		SolutionGuid = {F135C086-32CA-4727-B29B-4137FE03669E}
	EndGlobalSection
EndGlobal
